
Microsoft Visual Studio Solution File, Format Version 12.00
# Visual Studio Version 17
VisualStudioVersion = 17.7.34024.191
MinimumVisualStudioVersion = 10.0.40219.1
Project("{9A19103F-16F7-4668-BE54-9A1E7A4F7556}") = "Shop.Api", "Shop.Api\Shop.Api.csproj", "{3D234998-05CA-49FE-936B-F9A7FECE5B36}"
EndProject
Project("{9A19103F-16F7-4668-BE54-9A1E7A4F7556}") = "Shop.Domain", "Shop.Domain\Shop.Domain.csproj", "{644E0F35-521B-4DDE-A842-F52226FEA57C}"
EndProject
Project("{9A19103F-16F7-4668-BE54-9A1E7A4F7556}") = "Shop.Infratructure", "Shop.Infratructure\Shop.Infratructure.csproj", "{FA7D6A4B-2062-4521-8D2E-B6E7780BD513}"
EndProject
Project("{FAE04EC0-301F-11D3-BF4B-00C04F79EFBC}") = "Shop.Aplication", "Shop.Aplication\Shop.Aplication.csproj", "{9B0BBA15-569D-4E46-8B51-162EF708B773}"
EndProject
Global
	GlobalSection(SolutionConfigurationPlatforms) = preSolution
		Debug|Any CPU = Debug|Any CPU
		Release|Any CPU = Release|Any CPU
	EndGlobalSection
	GlobalSection(ProjectConfigurationPlatforms) = postSolution
		{3D234998-05CA-49FE-936B-F9A7FECE5B36}.Debug|Any CPU.ActiveCfg = Debug|Any CPU
		{3D234998-05CA-49FE-936B-F9A7FECE5B36}.Debug|Any CPU.Build.0 = Debug|Any CPU
		{3D234998-05CA-49FE-936B-F9A7FECE5B36}.Release|Any CPU.ActiveCfg = Release|Any CPU
		{3D234998-05CA-49FE-936B-F9A7FECE5B36}.Release|Any CPU.Build.0 = Release|Any CPU
		{644E0F35-521B-4DDE-A842-F52226FEA57C}.Debug|Any CPU.ActiveCfg = Debug|Any CPU
		{644E0F35-521B-4DDE-A842-F52226FEA57C}.Debug|Any CPU.Build.0 = Debug|Any CPU
		{644E0F35-521B-4DDE-A842-F52226FEA57C}.Release|Any CPU.ActiveCfg = Release|Any CPU
		{644E0F35-521B-4DDE-A842-F52226FEA57C}.Release|Any CPU.Build.0 = Release|Any CPU
		{FA7D6A4B-2062-4521-8D2E-B6E7780BD513}.Debug|Any CPU.ActiveCfg = Debug|Any CPU
		{FA7D6A4B-2062-4521-8D2E-B6E7780BD513}.Debug|Any CPU.Build.0 = Debug|Any CPU
		{FA7D6A4B-2062-4521-8D2E-B6E7780BD513}.Release|Any CPU.ActiveCfg = Release|Any CPU
		{FA7D6A4B-2062-4521-8D2E-B6E7780BD513}.Release|Any CPU.Build.0 = Release|Any CPU
		{9B0BBA15-569D-4E46-8B51-162EF708B773}.Debug|Any CPU.ActiveCfg = Debug|Any CPU
		{9B0BBA15-569D-4E46-8B51-162EF708B773}.Debug|Any CPU.Build.0 = Debug|Any CPU
		{9B0BBA15-569D-4E46-8B51-162EF708B773}.Release|Any CPU.ActiveCfg = Release|Any CPU
		{9B0BBA15-569D-4E46-8B51-162EF708B773}.Release|Any CPU.Build.0 = Release|Any CPU
	EndGlobalSection
	GlobalSection(SolutionProperties) = preSolution
		HideSolutionNode = FALSE
	EndGlobalSection
	GlobalSection(ExtensibilityGlobals) = postSolution
		SolutionGuid = {049AC9A2-923D-402B-A399-9708223D3AF7}
	EndGlobalSection
EndGlobal
